# This file is autogenerated, do not edit; changes may be undone by the next 'dep ensure'.


[[projects]]
  branch = "master"
  name = "code.cloudfoundry.org/commandrunner"
  packages = [
    ".",
    "linux_command_runner"
  ]
  revision = "501fd662150bcea5a42a9b5c1c283209720788c3"

[[projects]]
  branch = "master"
  name = "code.cloudfoundry.org/groot"
  packages = [
    ".",
    "fetcher/filefetcher",
    "fetcher/layerfetcher",
    "fetcher/layerfetcher/source",
    "imagepuller",
    "imagepuller/ondemand"
  ]
  revision = "105f9ae2e014c0f4973811f023e60758daed3ebe"

[[projects]]
  name = "code.cloudfoundry.org/grootfs"
  packages = [
    "base_image_puller",
    "base_image_puller/unpacker",
    "groot",
    "metrics",
    "store",
    "store/dependency_manager",
    "store/filesystems",
    "store/garbage_collector",
    "store/locksmith"
  ]
  revision = "aa826fe9f585910c79fb2a7b3094f9b4f37fb2ae"

[[projects]]
  name = "code.cloudfoundry.org/lager"
  packages = [
    ".",
    "chug"
  ]
  revision = "0bfa98e49e7a976af91e918d47978f07c00b081f"
  version = "v1.0.0"

[[projects]]
  name = "github.com/Microsoft/go-winio"
  packages = ["."]
  revision = "7da180ee92d8bd8bb8c37fc560e673e6557c392f"
  version = "v0.4.7"

[[projects]]
  name = "github.com/cloudfoundry/dropsonde"
  packages = [
    ".",
    "emitter",
    "envelope_sender",
    "envelopes",
    "factories",
    "instrumented_handler",
    "instrumented_round_tripper",
    "log_sender",
    "logs",
    "metric_sender",
    "metricbatcher",
    "metrics",
    "runtime_stats"
  ]
  revision = "fe07f64fd1fd25f3c920e9183edd71de6895f1d8"
  version = "v1.0.0"

[[projects]]
  branch = "master"
  name = "github.com/cloudfoundry/gosteno"
  packages = [
    ".",
    "syslog"
  ]
  revision = "0c8581caea35ac903728230e447792e2365dcc34"

[[projects]]
  branch = "master"
  name = "github.com/cloudfoundry/sonde-go"
  packages = ["events"]
  revision = "b33733203bb48d7c56de7cb639d77f78b0449d19"

[[projects]]
  branch = "master"
  name = "github.com/containers/image"
  packages = [
    "directory/explicitfilepath",
    "docker",
    "docker/policyconfiguration",
    "docker/reference",
    "image",
    "manifest",
    "oci/internal",
    "oci/layout",
    "pkg/docker/config",
    "pkg/strslice",
    "pkg/tlsclientconfig",
    "transports",
    "types"
  ]
  revision = "a1a9391830fd08637edbe45133fd0a8a2682ae75"

[[projects]]
  branch = "master"
  name = "github.com/containers/storage"
  packages = ["pkg/reexec"]
  revision = "f382d39d7a6caa855bb1f6243967b630d7389781"

[[projects]]
  name = "github.com/docker/distribution"
  packages = [
    ".",
    "digestset",
    "reference",
    "registry/api/errcode",
    "registry/api/v2",
    "registry/client",
    "registry/client/auth/challenge",
    "registry/client/transport",
    "registry/storage/cache",
    "registry/storage/cache/memory"
  ]
  revision = "5f6282db7d65e6d72ad7c2cc66310724a57be716"

[[projects]]
  name = "github.com/docker/docker"
  packages = [
    "api/types/versions",
    "pkg/homedir",
    "pkg/idtools",
    "pkg/mount",
    "pkg/system"
  ]
  revision = "30eb4d8cdc422b023d5f11f29a82ecb73554183b"

[[projects]]
  name = "github.com/docker/docker-credential-helpers"
  packages = [
    "client",
    "credentials"
  ]
  revision = "d68f9aeca33f5fd3f08eeae5e9d175edf4e731d1"
  version = "v0.6.0"

[[projects]]
  name = "github.com/docker/go-connections"
  packages = [
    "sockets",
    "tlsconfig"
  ]
  revision = "3ede32e2033de7505e6500d6c868c2b9ed9f169d"
  version = "v0.3.0"

[[projects]]
  name = "github.com/docker/go-units"
  packages = ["."]
  revision = "9e638d38cf6977a37a8ea0078f3ee75a7cdb2dd1"

[[projects]]
  branch = "master"
  name = "github.com/docker/libtrust"
  packages = ["."]
  revision = "aabc10ec26b754e797f9028f4589c5b7bd90dc20"

[[projects]]
  name = "github.com/ghodss/yaml"
  packages = ["."]
  revision = "04f313413ffd65ce25f2541bfd2b2ceec5c0908c"

[[projects]]
  name = "github.com/gogo/protobuf"
  packages = [
    "gogoproto",
    "proto",
    "protoc-gen-gogo/descriptor"
  ]
  revision = "1adfc126b41513cc696b209667c8656ea7aac67c"
  version = "v1.0.0"

[[projects]]
  name = "github.com/gorilla/context"
  packages = ["."]
  revision = "1ea25387ff6f684839d82767c1733ff4d4d15d0a"
  version = "v1.1"

[[projects]]
  name = "github.com/gorilla/mux"
  packages = ["."]
  revision = "599cba5e7b6137d46ddf58fb1765f5d928e69604"

[[projects]]
  branch = "master"
  name = "github.com/mailru/easyjson"
  packages = [
    ".",
    "buffer",
    "jlexer",
    "jwriter"
  ]
  revision = "8b799c424f57fa123fc63a99d6383bc6e4c02578"

[[projects]]
  branch = "master"
  name = "github.com/nu7hatch/gouuid"
  packages = ["."]
  revision = "179d4d0c4d8d407a32af483c2354df1d2c91e6c3"

[[projects]]
  name = "github.com/onsi/ginkgo"
  packages = [
    ".",
    "config",
    "internal/codelocation",
    "internal/containernode",
    "internal/failer",
    "internal/leafnodes",
    "internal/remote",
    "internal/spec",
    "internal/spec_iterator",
    "internal/specrunner",
    "internal/suite",
    "internal/testingtproxy",
    "internal/writer",
    "reporters",
    "reporters/stenographer",
    "reporters/stenographer/support/go-colorable",
    "reporters/stenographer/support/go-isatty",
    "types"
  ]
  revision = "fa5fabab2a1bfbd924faf4c067d07ae414e2aedf"
  version = "v1.5.0"

[[projects]]
  name = "github.com/onsi/gomega"
  packages = [
    ".",
    "format",
    "internal/assertion",
    "internal/asyncassertion",
    "internal/oraclematcher",
    "internal/testingtsupport",
    "matchers",
    "matchers/support/goraph/bipartitegraph",
    "matchers/support/goraph/edge",
    "matchers/support/goraph/node",
    "matchers/support/goraph/util",
    "types"
  ]
  revision = "62bff4df71bdbc266561a0caee19f0594b17c240"
  version = "v1.4.0"

[[projects]]
  name = "github.com/opencontainers/go-digest"
  packages = ["."]
  revision = "279bed98673dd5bef374d3b6e4b09e2af76183bf"
  version = "v1.0.0-rc1"

[[projects]]
  name = "github.com/opencontainers/image-spec"
  packages = [
    "specs-go",
    "specs-go/v1"
  ]
  revision = "d60099175f88c47cd379c4738d158884749ed235"
  version = "v1.0.1"

[[projects]]
  name = "github.com/opencontainers/runc"
  packages = ["libcontainer/user"]
  revision = "baf6536d6259209c3edfa2b22237af82942d3dfa"
  version = "v0.1.1"

[[projects]]
  name = "github.com/opencontainers/runtime-spec"
  packages = ["specs-go"]
  revision = "4e3b9264a330d094b0386c3703c5f379119711e8"
  version = "v1.0.1"

[[projects]]
  name = "github.com/pkg/errors"
  packages = ["."]
  revision = "645ef00459ed84a119197bfb8d8205042c6df63d"
  version = "v0.8.0"

[[projects]]
  name = "github.com/sirupsen/logrus"
  packages = ["."]
  revision = "c155da19408a8799da419ed3eeb0cb5db0ad5dbc"
  version = "v1.0.5"

[[projects]]
  branch = "master"
  name = "github.com/tscolari/lagregator"
  packages = ["."]
  revision = "b0fb43b018612a8bd982718843b52dac263a21a8"

[[projects]]
  branch = "master"
  name = "github.com/urfave/cli"
  packages = ["."]
  revision = "8e01ec4cd3e2d84ab2fe90d8210528ffbb06d8ff"

[[projects]]
  branch = "master"
  name = "golang.org/x/crypto"
  packages = ["ssh/terminal"]
  revision = "21052ae46654ecf18dfdba0f7c12701a1e2b3164"

[[projects]]
  branch = "master"
  name = "golang.org/x/net"
  packages = [
    "html",
    "html/atom",
    "html/charset",
    "internal/socks",
    "proxy"
  ]
  revision = "f73e4c9ed3b7ebdd5f699a16a880c2b1994e50dd"

[[projects]]
  branch = "master"
  name = "golang.org/x/sys"
  packages = [
    "unix",
    "windows"
  ]
  revision = "7db1c3b1a98089d0071c84f646ff5c96aad43682"

[[projects]]
  name = "golang.org/x/text"
  packages = [
    "encoding",
    "encoding/charmap",
    "encoding/htmlindex",
    "encoding/internal",
    "encoding/internal/identifier",
    "encoding/japanese",
    "encoding/korean",
    "encoding/simplifiedchinese",
    "encoding/traditionalchinese",
    "encoding/unicode",
    "internal/gen",
    "internal/tag",
    "internal/utf8internal",
    "language",
    "runes",
    "transform",
    "unicode/cldr"
  ]
  revision = "f21a4dfb5e38f5895301dc265a8def02365cc3d0"
  version = "v0.3.0"

[[projects]]
  name = "gopkg.in/yaml.v2"
  packages = ["."]
  revision = "5420a8b6744d3b0345ab293f6fcba19c978f1183"
  version = "v2.2.1"

[solve-meta]
  analyzer-name = "dep"
  analyzer-version = 1
  inputs-digest = "371e80f5f2a7a6403eb460fbcc5da07be5d633fd3a4614d98d7ca783f0a97a55"
  solver-name = "gps-cdcl"
  solver-version = 1
